
Microsoft Visual Studio Solution File, Format Version 12.00
# Visual Studio Version 16
VisualStudioVersion = 16.0.29102.190
MinimumVisualStudioVersion = 10.0.40219.1
Project("{FAE04EC0-301F-11D3-BF4B-00C04F79EFBC}") = "01_Lists", "01_ListItems\01_Lists.csproj", "{A147F650-2B47-45AC-938A-CCB22219FB72}"
EndProject
Project("{FAE04EC0-301F-11D3-BF4B-00C04F79EFBC}") = "02_Lists", "02_Lists\02_Lists.csproj", "{C194B6ED-E82E-4201-85E2-929D087064AA}"
EndProject
Project("{FAE04EC0-301F-11D3-BF4B-00C04F79EFBC}") = "03_Strings", "03_Strings\03_Strings.csproj", "{848D7AAC-2E16-4C64-B0D6-42C924F35CC1}"
EndProject
Global
	GlobalSection(SolutionConfigurationPlatforms) = preSolution
		Debug|Any CPU = Debug|Any CPU
		Release|Any CPU = Release|Any CPU
	EndGlobalSection
	GlobalSection(ProjectConfigurationPlatforms) = postSolution
		{A147F650-2B47-45AC-938A-CCB22219FB72}.Debug|Any CPU.ActiveCfg = Debug|Any CPU
		{A147F650-2B47-45AC-938A-CCB22219FB72}.Debug|Any CPU.Build.0 = Debug|Any CPU
		{A147F650-2B47-45AC-938A-CCB22219FB72}.Release|Any CPU.ActiveCfg = Release|Any CPU
		{A147F650-2B47-45AC-938A-CCB22219FB72}.Release|Any CPU.Build.0 = Release|Any CPU
		{C194B6ED-E82E-4201-85E2-929D087064AA}.Debug|Any CPU.ActiveCfg = Debug|Any CPU
		{C194B6ED-E82E-4201-85E2-929D087064AA}.Debug|Any CPU.Build.0 = Debug|Any CPU
		{C194B6ED-E82E-4201-85E2-929D087064AA}.Release|Any CPU.ActiveCfg = Release|Any CPU
		{C194B6ED-E82E-4201-85E2-929D087064AA}.Release|Any CPU.Build.0 = Release|Any CPU
		{848D7AAC-2E16-4C64-B0D6-42C924F35CC1}.Debug|Any CPU.ActiveCfg = Debug|Any CPU
		{848D7AAC-2E16-4C64-B0D6-42C924F35CC1}.Debug|Any CPU.Build.0 = Debug|Any CPU
		{848D7AAC-2E16-4C64-B0D6-42C924F35CC1}.Release|Any CPU.ActiveCfg = Release|Any CPU
		{848D7AAC-2E16-4C64-B0D6-42C924F35CC1}.Release|Any CPU.Build.0 = Release|Any CPU
	EndGlobalSection
	GlobalSection(SolutionProperties) = preSolution
		HideSolutionNode = FALSE
	EndGlobalSection
	GlobalSection(ExtensibilityGlobals) = postSolution
		SolutionGuid = {343E6832-B1F3-4B03-81A5-2B18EAAFFC17}
	EndGlobalSection
EndGlobal
